
Microsoft Visual Studio Solution File, Format Version 12.00
# Visual Studio 15
VisualStudioVersion = 15.0.27004.2002
MinimumVisualStudioVersion = 10.0.40219.1
Project("{9A19103F-16F7-4668-BE54-9A1E7A4F7556}") = "PizzaDelivery.Domain", "PizzaDelivery.Domain\PizzaDelivery.Domain.csproj", "{14AE06C1-00D4-4947-B0AA-5AFDD042AD28}"
EndProject
Project("{9A19103F-16F7-4668-BE54-9A1E7A4F7556}") = "PizzaDelivery.Services", "PizzaDelivery.Services\PizzaDelivery.Services.csproj", "{1E79881D-5BA2-4BBA-8C1E-6F5DE7D6CA56}"
EndProject
Project("{9A19103F-16F7-4668-BE54-9A1E7A4F7556}") = "ConsoleApp", "ConsoleApp\ConsoleApp.csproj", "{3C63ECDE-7EC7-40D8-B941-337F53740DD0}"
EndProject
Project("{9A19103F-16F7-4668-BE54-9A1E7A4F7556}") = "PizzaDelivery", "PizzaDelivery\PizzaDelivery.csproj", "{26619B8F-D21B-421D-B6F6-47DB7D690C18}"
EndProject
Project("{FAE04EC0-301F-11D3-BF4B-00C04F79EFBC}") = "PizzaDelivery.ViewModel", "PizzaDelivery.ViewModel\PizzaDelivery.ViewModel.csproj", "{8C567449-708A-406F-A302-9F17FAB03F86}"
EndProject
Global
	GlobalSection(SolutionConfigurationPlatforms) = preSolution
		Debug|Any CPU = Debug|Any CPU
		Release|Any CPU = Release|Any CPU
	EndGlobalSection
	GlobalSection(ProjectConfigurationPlatforms) = postSolution
		{14AE06C1-00D4-4947-B0AA-5AFDD042AD28}.Debug|Any CPU.ActiveCfg = Debug|Any CPU
		{14AE06C1-00D4-4947-B0AA-5AFDD042AD28}.Debug|Any CPU.Build.0 = Debug|Any CPU
		{14AE06C1-00D4-4947-B0AA-5AFDD042AD28}.Release|Any CPU.ActiveCfg = Release|Any CPU
		{14AE06C1-00D4-4947-B0AA-5AFDD042AD28}.Release|Any CPU.Build.0 = Release|Any CPU
		{1E79881D-5BA2-4BBA-8C1E-6F5DE7D6CA56}.Debug|Any CPU.ActiveCfg = Debug|Any CPU
		{1E79881D-5BA2-4BBA-8C1E-6F5DE7D6CA56}.Debug|Any CPU.Build.0 = Debug|Any CPU
		{1E79881D-5BA2-4BBA-8C1E-6F5DE7D6CA56}.Release|Any CPU.ActiveCfg = Release|Any CPU
		{1E79881D-5BA2-4BBA-8C1E-6F5DE7D6CA56}.Release|Any CPU.Build.0 = Release|Any CPU
		{3C63ECDE-7EC7-40D8-B941-337F53740DD0}.Debug|Any CPU.ActiveCfg = Debug|Any CPU
		{3C63ECDE-7EC7-40D8-B941-337F53740DD0}.Debug|Any CPU.Build.0 = Debug|Any CPU
		{3C63ECDE-7EC7-40D8-B941-337F53740DD0}.Release|Any CPU.ActiveCfg = Release|Any CPU
		{3C63ECDE-7EC7-40D8-B941-337F53740DD0}.Release|Any CPU.Build.0 = Release|Any CPU
		{26619B8F-D21B-421D-B6F6-47DB7D690C18}.Debug|Any CPU.ActiveCfg = Debug|Any CPU
		{26619B8F-D21B-421D-B6F6-47DB7D690C18}.Debug|Any CPU.Build.0 = Debug|Any CPU
		{26619B8F-D21B-421D-B6F6-47DB7D690C18}.Release|Any CPU.ActiveCfg = Release|Any CPU
		{26619B8F-D21B-421D-B6F6-47DB7D690C18}.Release|Any CPU.Build.0 = Release|Any CPU
		{8C567449-708A-406F-A302-9F17FAB03F86}.Debug|Any CPU.ActiveCfg = Debug|Any CPU
		{8C567449-708A-406F-A302-9F17FAB03F86}.Debug|Any CPU.Build.0 = Debug|Any CPU
		{8C567449-708A-406F-A302-9F17FAB03F86}.Release|Any CPU.ActiveCfg = Release|Any CPU
		{8C567449-708A-406F-A302-9F17FAB03F86}.Release|Any CPU.Build.0 = Release|Any CPU
	EndGlobalSection
	GlobalSection(SolutionProperties) = preSolution
		HideSolutionNode = FALSE
	EndGlobalSection
	GlobalSection(ExtensibilityGlobals) = postSolution
		SolutionGuid = {6FE47E28-E47A-43B7-9E05-7F7809F13B5D}
	EndGlobalSection
EndGlobal
